// !$*UTF8*$!
{
	archiveVersion = 1;
	classes = {
	};
	objectVersion = 55;
	objects = {

/* Begin PBXBuildFile section */
		28FA082127E8F493001E1617 /* AppDelegate.swift in Sources */ = {isa = PBXBuildFile; fileRef = 28FA082027E8F493001E1617 /* AppDelegate.swift */; };
		28FA082327E8F493001E1617 /* SceneDelegate.swift in Sources */ = {isa = PBXBuildFile; fileRef = 28FA082227E8F493001E1617 /* SceneDelegate.swift */; };
		28FA082827E8F493001E1617 /* Main.storyboard in Resources */ = {isa = PBXBuildFile; fileRef = 28FA082627E8F493001E1617 /* Main.storyboard */; };
		28FA082A27E8F494001E1617 /* Assets.xcassets in Resources */ = {isa = PBXBuildFile; fileRef = 28FA082927E8F494001E1617 /* Assets.xcassets */; };
		28FA082D27E8F494001E1617 /* LaunchScreen.storyboard in Resources */ = {isa = PBXBuildFile; fileRef = 28FA082B27E8F494001E1617 /* LaunchScreen.storyboard */; };
		28FA083927E8F552001E1617 /* ListTableViewController.swift in Sources */ = {isa = PBXBuildFile; fileRef = 28FA083827E8F552001E1617 /* ListTableViewController.swift */; };
		28FA083C27E8F746001E1617 /* Person.swift in Sources */ = {isa = PBXBuildFile; fileRef = 28FA083B27E8F746001E1617 /* Person.swift */; };
		28FA083F27E8F808001E1617 /* DataManager.swift in Sources */ = {isa = PBXBuildFile; fileRef = 28FA083E27E8F808001E1617 /* DataManager.swift */; };
		28FA084127E8FFE2001E1617 /* PersonViewController.swift in Sources */ = {isa = PBXBuildFile; fileRef = 28FA084027E8FFE2001E1617 /* PersonViewController.swift */; };
		28FA084327E9114C001E1617 /* SectionTableViewController.swift in Sources */ = {isa = PBXBuildFile; fileRef = 28FA084227E9114C001E1617 /* SectionTableViewController.swift */; };
		28FA084727E9C5D3001E1617 /* PersonTabBarController.swift in Sources */ = {isa = PBXBuildFile; fileRef = 28FA084627E9C5D3001E1617 /* PersonTabBarController.swift */; };
/* End PBXBuildFile section */

/* Begin PBXFileReference section */
		28FA081D27E8F493001E1617 /* PersonListApp.app */ = {isa = PBXFileReference; explicitFileType = wrapper.application; includeInIndex = 0; path = PersonListApp.app; sourceTree = BUILT_PRODUCTS_DIR; };
		28FA082027E8F493001E1617 /* AppDelegate.swift */ = {isa = PBXFileReference; lastKnownFileType = sourcecode.swift; path = AppDelegate.swift; sourceTree = "<group>"; };
		28FA082227E8F493001E1617 /* SceneDelegate.swift */ = {isa = PBXFileReference; lastKnownFileType = sourcecode.swift; path = SceneDelegate.swift; sourceTree = "<group>"; };
		28FA082727E8F493001E1617 /* Base */ = {isa = PBXFileReference; lastKnownFileType = file.storyboard; name = Base; path = Base.lproj/Main.storyboard; sourceTree = "<group>"; };
		28FA082927E8F494001E1617 /* Assets.xcassets */ = {isa = PBXFileReference; lastKnownFileType = folder.assetcatalog; path = Assets.xcassets; sourceTree = "<group>"; };
		28FA082C27E8F494001E1617 /* Base */ = {isa = PBXFileReference; lastKnownFileType = file.storyboard; name = Base; path = Base.lproj/LaunchScreen.storyboard; sourceTree = "<group>"; };
		28FA082E27E8F494001E1617 /* Info.plist */ = {isa = PBXFileReference; lastKnownFileType = text.plist.xml; path = Info.plist; sourceTree = "<group>"; };
		28FA083827E8F552001E1617 /* ListTableViewController.swift */ = {isa = PBXFileReference; lastKnownFileType = sourcecode.swift; path = ListTableViewController.swift; sourceTree = "<group>"; };
		28FA083B27E8F746001E1617 /* Person.swift */ = {isa = PBXFileReference; lastKnownFileType = sourcecode.swift; path = Person.swift; sourceTree = "<group>"; };
		28FA083E27E8F808001E1617 /* DataManager.swift */ = {isa = PBXFileReference; lastKnownFileType = sourcecode.swift; path = DataManager.swift; sourceTree = "<group>"; };
		28FA084027E8FFE2001E1617 /* PersonViewController.swift */ = {isa = PBXFileReference; lastKnownFileType = sourcecode.swift; path = PersonViewController.swift; sourceTree = "<group>"; };
		28FA084227E9114C001E1617 /* SectionTableViewController.swift */ = {isa = PBXFileReference; lastKnownFileType = sourcecode.swift; path = SectionTableViewController.swift; sourceTree = "<group>"; };
		28FA084627E9C5D3001E1617 /* PersonTabBarController.swift */ = {isa = PBXFileReference; lastKnownFileType = sourcecode.swift; path = PersonTabBarController.swift; sourceTree = "<group>"; };
/* End PBXFileReference section */

/* Begin PBXFrameworksBuildPhase section */
		28FA081A27E8F493001E1617 /* Frameworks */ = {
			isa = PBXFrameworksBuildPhase;
			buildActionMask = 2147483647;
			files = (
			);
			runOnlyForDeploymentPostprocessing = 0;
		};
/* End PBXFrameworksBuildPhase section */

/* Begin PBXGroup section */
		28FA081427E8F493001E1617 = {
			isa = PBXGroup;
			children = (
				28FA081F27E8F493001E1617 /* PersonListApp */,
				28FA081E27E8F493001E1617 /* Products */,
			);
			sourceTree = "<group>";
		};
		28FA081E27E8F493001E1617 /* Products */ = {
			isa = PBXGroup;
			children = (
				28FA081D27E8F493001E1617 /* PersonListApp.app */,
			);
			name = Products;
			sourceTree = "<group>";
		};
		28FA081F27E8F493001E1617 /* PersonListApp */ = {
			isa = PBXGroup;
			children = (
				28FA083627E8F51E001E1617 /* App */,
				28FA083727E8F529001E1617 /* ViewControllers */,
				28FA083A27E8F71F001E1617 /* Models */,
				28FA083D27E8F7E9001E1617 /* Services */,
				28FA083427E8F509001E1617 /* Storyboards */,
				28FA083527E8F512001E1617 /* Resources */,
			);
			path = PersonListApp;
			sourceTree = "<group>";
		};
		28FA083427E8F509001E1617 /* Storyboards */ = {
			isa = PBXGroup;
			children = (
				28FA082627E8F493001E1617 /* Main.storyboard */,
				28FA082B27E8F494001E1617 /* LaunchScreen.storyboard */,
			);
			path = Storyboards;
			sourceTree = "<group>";
		};
		28FA083527E8F512001E1617 /* Resources */ = {
			isa = PBXGroup;
			children = (
				28FA082927E8F494001E1617 /* Assets.xcassets */,
			);
			path = Resources;
			sourceTree = "<group>";
		};
		28FA083627E8F51E001E1617 /* App */ = {
			isa = PBXGroup;
			children = (
				28FA082027E8F493001E1617 /* AppDelegate.swift */,
				28FA082227E8F493001E1617 /* SceneDelegate.swift */,
				28FA082E27E8F494001E1617 /* Info.plist */,
			);
			path = App;
			sourceTree = "<group>";
		};
		28FA083727E8F529001E1617 /* ViewControllers */ = {
			isa = PBXGroup;
			children = (
				28FA084627E9C5D3001E1617 /* PersonTabBarController.swift */,
				28FA083827E8F552001E1617 /* ListTableViewController.swift */,
				28FA084027E8FFE2001E1617 /* PersonViewController.swift */,
				28FA084227E9114C001E1617 /* SectionTableViewController.swift */,
			);
			path = ViewControllers;
			sourceTree = "<group>";
		};
		28FA083A27E8F71F001E1617 /* Models */ = {
			isa = PBXGroup;
			children = (
				28FA083B27E8F746001E1617 /* Person.swift */,
			);
			path = Models;
			sourceTree = "<group>";
		};
		28FA083D27E8F7E9001E1617 /* Services */ = {
			isa = PBXGroup;
			children = (
				28FA083E27E8F808001E1617 /* DataManager.swift */,
			);
			path = Services;
			sourceTree = "<group>";
		};
/* End PBXGroup section */

/* Begin PBXNativeTarget section */
		28FA081C27E8F493001E1617 /* PersonListApp */ = {
			isa = PBXNativeTarget;
			buildConfigurationList = 28FA083127E8F494001E1617 /* Build configuration list for PBXNativeTarget "PersonListApp" */;
			buildPhases = (
				28FA081927E8F493001E1617 /* Sources */,
				28FA081A27E8F493001E1617 /* Frameworks */,
				28FA081B27E8F493001E1617 /* Resources */,
			);
			buildRules = (
			);
			dependencies = (
			);
			name = PersonListApp;
			productName = PersonListApp;
			productReference = 28FA081D27E8F493001E1617 /* PersonListApp.app */;
			productType = "com.apple.product-type.application";
		};
/* End PBXNativeTarget section */

/* Begin PBXProject section */
		28FA081527E8F493001E1617 /* Project object */ = {
			isa = PBXProject;
			attributes = {
				BuildIndependentTargetsInParallel = 1;
				LastSwiftUpdateCheck = 1330;
				LastUpgradeCheck = 1330;
				TargetAttributes = {
					28FA081C27E8F493001E1617 = {
						CreatedOnToolsVersion = 13.3;
					};
				};
			};
			buildConfigurationList = 28FA081827E8F493001E1617 /* Build configuration list for PBXProject "PersonListApp" */;
			compatibilityVersion = "Xcode 13.0";
			developmentRegion = en;
			hasScannedForEncodings = 0;
			knownRegions = (
				en,
				Base,
			);
			mainGroup = 28FA081427E8F493001E1617;
			productRefGroup = 28FA081E27E8F493001E1617 /* Products */;
			projectDirPath = "";
			projectRoot = "";
			targets = (
				28FA081C27E8F493001E1617 /* PersonListApp */,
			);
		};
/* End PBXProject section */

/* Begin PBXResourcesBuildPhase section */
		28FA081B27E8F493001E1617 /* Resources */ = {
			isa = PBXResourcesBuildPhase;
			buildActionMask = 2147483647;
			files = (
				28FA082D27E8F494001E1617 /* LaunchScreen.storyboard in Resources */,
				28FA082A27E8F494001E1617 /* Assets.xcassets in Resources */,
				28FA082827E8F493001E1617 /* Main.storyboard in Resources */,
			);
			runOnlyForDeploymentPostprocessing = 0;
		};
/* End PBXResourcesBuildPhase section */

/* Begin PBXSourcesBuildPhase section */
		28FA081927E8F493001E1617 /* Sources */ = {
			isa = PBXSourcesBuildPhase;
			buildActionMask = 2147483647;
			files = (
				28FA083927E8F552001E1617 /* ListTableViewController.swift in Sources */,
				28FA084127E8FFE2001E1617 /* PersonViewController.swift in Sources */,
				28FA083F27E8F808001E1617 /* DataManager.swift in Sources */,
				28FA082127E8F493001E1617 /* AppDelegate.swift in Sources */,
				28FA084327E9114C001E1617 /* SectionTableViewController.swift in Sources */,
				28FA083C27E8F746001E1617 /* Person.swift in Sources */,
				28FA084727E9C5D3001E1617 /* PersonTabBarController.swift in Sources */,
				28FA082327E8F493001E1617 /* SceneDelegate.swift in Sources */,
			);
			runOnlyForDeploymentPostprocessing = 0;
		};
/* End PBXSourcesBuildPhase section */

/* Begin PBXVariantGroup section */
		28FA082627E8F493001E1617 /* Main.storyboard */ = {
			isa = PBXVariantGroup;
			children = (
				28FA082727E8F493001E1617 /* Base */,
			);
			name = Main.storyboard;
			sourceTree = "<group>";
		};
		28FA082B27E8F494001E1617 /* LaunchScreen.storyboard */ = {
			isa = PBXVariantGroup;
			children = (
				28FA082C27E8F494001E1617 /* Base */,
			);
			name = LaunchScreen.storyboard;
			sourceTree = "<group>";
		};
/* End PBXVariantGroup section */

/* Begin XCBuildConfiguration section */
		28FA082F27E8F494001E1617 /* Debug */ = {
			isa = XCBuildConfiguration;
			buildSettings = {
				ALWAYS_SEARCH_USER_PATHS = NO;
				CLANG_ANALYZER_NONNULL = YES;
				CLANG_ANALYZER_NUMBER_OBJECT_CONVERSION = YES_AGGRESSIVE;
				CLANG_CXX_LANGUAGE_STANDARD = "gnu++17";
				CLANG_ENABLE_MODULES = YES;
				CLANG_ENABLE_OBJC_ARC = YES;
				CLANG_ENABLE_OBJC_WEAK = YES;
				CLANG_WARN_BLOCK_CAPTURE_AUTORELEASING = YES;
				CLANG_WARN_BOOL_CONVERSION = YES;
				CLANG_WARN_COMMA = YES;
				CLANG_WARN_CONSTANT_CONVERSION = YES;
				CLANG_WARN_DEPRECATED_OBJC_IMPLEMENTATIONS = YES;
				CLANG_WARN_DIRECT_OBJC_ISA_USAGE = YES_ERROR;
				CLANG_WARN_DOCUMENTATION_COMMENTS = YES;
				CLANG_WARN_EMPTY_BODY = YES;
				CLANG_WARN_ENUM_CONVERSION = YES;
				CLANG_WARN_INFINITE_RECURSION = YES;
				CLANG_WARN_INT_CONVERSION = YES;
				CLANG_WARN_NON_LITERAL_NULL_CONVERSION = YES;
				CLANG_WARN_OBJC_IMPLICIT_RETAIN_SELF = YES;
				CLANG_WARN_OBJC_LITERAL_CONVERSION = YES;
				CLANG_WARN_OBJC_ROOT_CLASS = YES_ERROR;
				CLANG_WARN_QUOTED_INCLUDE_IN_FRAMEWORK_HEADER = YES;
				CLANG_WARN_RANGE_LOOP_ANALYSIS = YES;
				CLANG_WARN_STRICT_PROTOTYPES = YES;
				CLANG_WARN_SUSPICIOUS_MOVE = YES;
				CLANG_WARN_UNGUARDED_AVAILABILITY = YES_AGGRESSIVE;
				CLANG_WARN_UNREACHABLE_CODE = YES;
				CLANG_WARN__DUPLICATE_METHOD_MATCH = YES;
				COPY_PHASE_STRIP = NO;
				DEBUG_INFORMATION_FORMAT = dwarf;
				ENABLE_STRICT_OBJC_MSGSEND = YES;
				ENABLE_TESTABILITY = YES;
				GCC_C_LANGUAGE_STANDARD = gnu11;
				GCC_DYNAMIC_NO_PIC = NO;
				GCC_NO_COMMON_BLOCKS = YES;
				GCC_OPTIMIZATION_LEVEL = 0;
				GCC_PREPROCESSOR_DEFINITIONS = (
					"DEBUG=1",
					"$(inherited)",
				);
				GCC_WARN_64_TO_32_BIT_CONVERSION = YES;
				GCC_WARN_ABOUT_RETURN_TYPE = YES_ERROR;
				GCC_WARN_UNDECLARED_SELECTOR = YES;
				GCC_WARN_UNINITIALIZED_AUTOS = YES_AGGRESSIVE;
				GCC_WARN_UNUSED_FUNCTION = YES;
				GCC_WARN_UNUSED_VARIABLE = YES;
				IPHONEOS_DEPLOYMENT_TARGET = 15.4;
				MTL_ENABLE_DEBUG_INFO = INCLUDE_SOURCE;
				MTL_FAST_MATH = YES;
				ONLY_ACTIVE_ARCH = YES;
				SDKROOT = iphoneos;
				SWIFT_ACTIVE_COMPILATION_CONDITIONS = DEBUG;
				SWIFT_OPTIMIZATION_LEVEL = "-Onone";
			};
			name = Debug;
		};
		28FA083027E8F494001E1617 /* Release */ = {
			isa = XCBuildConfiguration;
			buildSettings = {
				ALWAYS_SEARCH_USER_PATHS = NO;
				CLANG_ANALYZER_NONNULL = YES;
				CLANG_ANALYZER_NUMBER_OBJECT_CONVERSION = YES_AGGRESSIVE;
				CLANG_CXX_LANGUAGE_STANDARD = "gnu++17";
				CLANG_ENABLE_MODULES = YES;
				CLANG_ENABLE_OBJC_ARC = YES;
				CLANG_ENABLE_OBJC_WEAK = YES;
				CLANG_WARN_BLOCK_CAPTURE_AUTORELEASING = YES;
				CLANG_WARN_BOOL_CONVERSION = YES;
				CLANG_WARN_COMMA = YES;
				CLANG_WARN_CONSTANT_CONVERSION = YES;
				CLANG_WARN_DEPRECATED_OBJC_IMPLEMENTATIONS = YES;
				CLANG_WARN_DIRECT_OBJC_ISA_USAGE = YES_ERROR;
				CLANG_WARN_DOCUMENTATION_COMMENTS = YES;
				CLANG_WARN_EMPTY_BODY = YES;
				CLANG_WARN_ENUM_CONVERSION = YES;
				CLANG_WARN_INFINITE_RECURSION = YES;
				CLANG_WARN_INT_CONVERSION = YES;
				CLANG_WARN_NON_LITERAL_NULL_CONVERSION = YES;
				CLANG_WARN_OBJC_IMPLICIT_RETAIN_SELF = YES;
				CLANG_WARN_OBJC_LITERAL_CONVERSION = YES;
				CLANG_WARN_OBJC_ROOT_CLASS = YES_ERROR;
				CLANG_WARN_QUOTED_INCLUDE_IN_FRAMEWORK_HEADER = YES;
				CLANG_WARN_RANGE_LOOP_ANALYSIS = YES;
				CLANG_WARN_STRICT_PROTOTYPES = YES;
				CLANG_WARN_SUSPICIOUS_MOVE = YES;
				CLANG_WARN_UNGUARDED_AVAILABILITY = YES_AGGRESSIVE;
				CLANG_WARN_UNREACHABLE_CODE = YES;
				CLANG_WARN__DUPLICATE_METHOD_MATCH = YES;
				COPY_PHASE_STRIP = NO;
				DEBUG_INFORMATION_FORMAT = "dwarf-with-dsym";
				ENABLE_NS_ASSERTIONS = NO;
				ENABLE_STRICT_OBJC_MSGSEND = YES;
				GCC_C_LANGUAGE_STANDARD = gnu11;
				GCC_NO_COMMON_BLOCKS = YES;
				GCC_WARN_64_TO_32_BIT_CONVERSION = YES;
				GCC_WARN_ABOUT_RETURN_TYPE = YES_ERROR;
				GCC_WARN_UNDECLARED_SELECTOR = YES;
				GCC_WARN_UNINITIALIZED_AUTOS = YES_AGGRESSIVE;
				GCC_WARN_UNUSED_FUNCTION = YES;
				GCC_WARN_UNUSED_VARIABLE = YES;
				IPHONEOS_DEPLOYMENT_TARGET = 15.4;
				MTL_ENABLE_DEBUG_INFO = NO;
				MTL_FAST_MATH = YES;
				SDKROOT = iphoneos;
				SWIFT_COMPILATION_MODE = wholemodule;
				SWIFT_OPTIMIZATION_LEVEL = "-O";
				VALIDATE_PRODUCT = YES;
			};
			name = Release;
		};
		28FA083227E8F494001E1617 /* Debug */ = {
			isa = XCBuildConfiguration;
			buildSettings = {
				ASSETCATALOG_COMPILER_APPICON_NAME = AppIcon;
				ASSETCATALOG_COMPILER_GLOBAL_ACCENT_COLOR_NAME = AccentColor;
				CODE_SIGN_STYLE = Automatic;
				CURRENT_PROJECT_VERSION = 1;
				DEVELOPMENT_TEAM = 6P96P67U8G;
				GENERATE_INFOPLIST_FILE = YES;
				INFOPLIST_FILE = PersonListApp/App/Info.plist;
				INFOPLIST_KEY_UIApplicationSupportsIndirectInputEvents = YES;
				INFOPLIST_KEY_UILaunchStoryboardName = LaunchScreen;
				INFOPLIST_KEY_UIMainStoryboardFile = Main;
				INFOPLIST_KEY_UISupportedInterfaceOrientations_iPad = "UIInterfaceOrientationPortrait UIInterfaceOrientationPortraitUpsideDown UIInterfaceOrientationLandscapeLeft UIInterfaceOrientationLandscapeRight";
				INFOPLIST_KEY_UISupportedInterfaceOrientations_iPhone = "UIInterfaceOrientationPortrait UIInterfaceOrientationLandscapeLeft UIInterfaceOrientationLandscapeRight";
				LD_RUNPATH_SEARCH_PATHS = (
					"$(inherited)",
					"@executable_path/Frameworks",
				);
				MARKETING_VERSION = 1.0;
				PRODUCT_BUNDLE_IDENTIFIER = alexrybachev.PersonListApp;
				PRODUCT_NAME = "$(TARGET_NAME)";
				SWIFT_EMIT_LOC_STRINGS = YES;
				SWIFT_VERSION = 5.0;
				TARGETED_DEVICE_FAMILY = "1,2";
			};
			name = Debug;
		};
		28FA083327E8F494001E1617 /* Release */ = {
			isa = XCBuildConfiguration;
			buildSettings = {
				ASSETCATALOG_COMPILER_APPICON_NAME = AppIcon;
				ASSETCATALOG_COMPILER_GLOBAL_ACCENT_COLOR_NAME = AccentColor;
				CODE_SIGN_STYLE = Automatic;
				CURRENT_PROJECT_VERSION = 1;
				DEVELOPMENT_TEAM = 6P96P67U8G;
				GENERATE_INFOPLIST_FILE = YES;
				INFOPLIST_FILE = PersonListApp/App/Info.plist;
				INFOPLIST_KEY_UIApplicationSupportsIndirectInputEvents = YES;
				INFOPLIST_KEY_UILaunchStoryboardName = LaunchScreen;
				INFOPLIST_KEY_UIMainStoryboardFile = Main;
				INFOPLIST_KEY_UISupportedInterfaceOrientations_iPad = "UIInterfaceOrientationPortrait UIInterfaceOrientationPortraitUpsideDown UIInterfaceOrientationLandscapeLeft UIInterfaceOrientationLandscapeRight";
				INFOPLIST_KEY_UISupportedInterfaceOrientations_iPhone = "UIInterfaceOrientationPortrait UIInterfaceOrientationLandscapeLeft UIInterfaceOrientationLandscapeRight";
				LD_RUNPATH_SEARCH_PATHS = (
					"$(inherited)",
					"@executable_path/Frameworks",
				);
				MARKETING_VERSION = 1.0;
				PRODUCT_BUNDLE_IDENTIFIER = alexrybachev.PersonListApp;
				PRODUCT_NAME = "$(TARGET_NAME)";
				SWIFT_EMIT_LOC_STRINGS = YES;
				SWIFT_VERSION = 5.0;
				TARGETED_DEVICE_FAMILY = "1,2";
			};
			name = Release;
		};
/* End XCBuildConfiguration section */

/* Begin XCConfigurationList section */
		28FA081827E8F493001E1617 /* Build configuration list for PBXProject "PersonListApp" */ = {
			isa = XCConfigurationList;
			buildConfigurations = (
				28FA082F27E8F494001E1617 /* Debug */,
				28FA083027E8F494001E1617 /* Release */,
			);
			defaultConfigurationIsVisible = 0;
			defaultConfigurationName = Release;
		};
		28FA083127E8F494001E1617 /* Build configuration list for PBXNativeTarget "PersonListApp" */ = {
			isa = XCConfigurationList;
			buildConfigurations = (
				28FA083227E8F494001E1617 /* Debug */,
				28FA083327E8F494001E1617 /* Release */,
			);
			defaultConfigurationIsVisible = 0;
			defaultConfigurationName = Release;
		};
/* End XCConfigurationList section */
	};
	rootObject = 28FA081527E8F493001E1617 /* Project object */;
}
